PODS:
  - Kiwi (2.4.0)
  - YTXAnimations/AnimateCSS (1.2.0)
  - YTXAnimations/CSShake (1.2.0)
  - YTXAnimations/MagicCSS (1.2.0)

DEPENDENCIES:
  - Kiwi
  - YTXAnimations/AnimateCSS (from `../`)
  - YTXAnimations/CSShake (from `../`)
  - YTXAnimations/MagicCSS (from `../`)

EXTERNAL SOURCES:
  YTXAnimations:
    :path: ../

SPEC CHECKSUMS:
  Kiwi: f49c9d54b28917df5928fe44968a39ed198cb8a8
  YTXAnimations: 133885d4101066583a00008fea2496cf64d22224

COCOAPODS: 0.39.0
